
Microsoft Visual Studio Solution File, Format Version 12.00
# Visual Studio Version 16
VisualStudioVersion = 16.0.31702.278
MinimumVisualStudioVersion = 10.0.40219.1
Project("{8BC9CEB8-8B4A-11D0-8D11-00A0C91BC942}") = "lab05", "lab05\lab05.vcxproj", "{D64DB831-3ED4-43A9-95C9-DC0571EB9DCC}"
EndProject
Global
	GlobalSection(SolutionConfigurationPlatforms) = preSolution
		Debug|x64 = Debug|x64
		Debug|x86 = Debug|x86
		Release|x64 = Release|x64
		Release|x86 = Release|x86
	EndGlobalSection
	GlobalSection(ProjectConfigurationPlatforms) = postSolution
		{D64DB831-3ED4-43A9-95C9-DC0571EB9DCC}.Debug|x64.ActiveCfg = Debug|x64
		{D64DB831-3ED4-43A9-95C9-DC0571EB9DCC}.Debug|x64.Build.0 = Debug|x64
		{D64DB831-3ED4-43A9-95C9-DC0571EB9DCC}.Debug|x86.ActiveCfg = Debug|Win32
		{D64DB831-3ED4-43A9-95C9-DC0571EB9DCC}.Debug|x86.Build.0 = Debug|Win32
		{D64DB831-3ED4-43A9-95C9-DC0571EB9DCC}.Release|x64.ActiveCfg = Release|x64
		{D64DB831-3ED4-43A9-95C9-DC0571EB9DCC}.Release|x64.Build.0 = Release|x64
		{D64DB831-3ED4-43A9-95C9-DC0571EB9DCC}.Release|x86.ActiveCfg = Release|Win32
		{D64DB831-3ED4-43A9-95C9-DC0571EB9DCC}.Release|x86.Build.0 = Release|Win32
	EndGlobalSection
	GlobalSection(SolutionProperties) = preSolution
		HideSolutionNode = FALSE
	EndGlobalSection
	GlobalSection(ExtensibilityGlobals) = postSolution
		SolutionGuid = {89D695A0-FEC9-442F-B774-E9521C091A23}
	EndGlobalSection
EndGlobal
